
Microsoft Visual Studio Solution File, Format Version 12.00
# Visual Studio 15
VisualStudioVersion = 15.0.28307.421
MinimumVisualStudioVersion = 10.0.40219.1
Project("{FAE04EC0-301F-11D3-BF4B-00C04F79EFBC}") = "Grupp10", "Grupp10\Grupp10.csproj", "{30C9D7D4-C383-4740-94FB-09382BC20570}"
EndProject
Global
	GlobalSection(SolutionConfigurationPlatforms) = preSolution
		Debug|Any CPU = Debug|Any CPU
		Release|Any CPU = Release|Any CPU
	EndGlobalSection
	GlobalSection(ProjectConfigurationPlatforms) = postSolution
		{30C9D7D4-C383-4740-94FB-09382BC20570}.Debug|Any CPU.ActiveCfg = Debug|Any CPU
		{30C9D7D4-C383-4740-94FB-09382BC20570}.Debug|Any CPU.Build.0 = Debug|Any CPU
		{30C9D7D4-C383-4740-94FB-09382BC20570}.Release|Any CPU.ActiveCfg = Release|Any CPU
		{30C9D7D4-C383-4740-94FB-09382BC20570}.Release|Any CPU.Build.0 = Release|Any CPU
	EndGlobalSection
	GlobalSection(SolutionProperties) = preSolution
		HideSolutionNode = FALSE
	EndGlobalSection
	GlobalSection(ExtensibilityGlobals) = postSolution
		SolutionGuid = {C88FB531-2D84-4529-897E-758B12AEFF84}
	EndGlobalSection
EndGlobal
